
Microsoft Visual Studio Solution File, Format Version 12.00
# Visual Studio Version 17
VisualStudioVersion = 17.11.35222.181
MinimumVisualStudioVersion = 10.0.40219.1
Project("{FAE04EC0-301F-11D3-BF4B-00C04F79EFBC}") = "Prac6RMP", "Prac6RMP\Prac6RMP.csproj", "{574B3CC9-974E-499F-9B0C-74151181B08E}"
EndProject
Global
	GlobalSection(SolutionConfigurationPlatforms) = preSolution
		Debug|Any CPU = Debug|Any CPU
		Release|Any CPU = Release|Any CPU
	EndGlobalSection
	GlobalSection(ProjectConfigurationPlatforms) = postSolution
		{574B3CC9-974E-499F-9B0C-74151181B08E}.Debug|Any CPU.ActiveCfg = Debug|Any CPU
		{574B3CC9-974E-499F-9B0C-74151181B08E}.Debug|Any CPU.Build.0 = Debug|Any CPU
		{574B3CC9-974E-499F-9B0C-74151181B08E}.Debug|Any CPU.Deploy.0 = Debug|Any CPU
		{574B3CC9-974E-499F-9B0C-74151181B08E}.Release|Any CPU.ActiveCfg = Release|Any CPU
		{574B3CC9-974E-499F-9B0C-74151181B08E}.Release|Any CPU.Build.0 = Release|Any CPU
		{574B3CC9-974E-499F-9B0C-74151181B08E}.Release|Any CPU.Deploy.0 = Release|Any CPU
	EndGlobalSection
	GlobalSection(SolutionProperties) = preSolution
		HideSolutionNode = FALSE
	EndGlobalSection
	GlobalSection(ExtensibilityGlobals) = postSolution
		SolutionGuid = {BA4EF240-F5C7-4FEB-BA7E-E2E9596FD8BE}
	EndGlobalSection
EndGlobal
